{
  "name": "gogpol",
  "version": "2.0.0",
  "lockfileVersion": 2,
  "requires": true,
  "packages": {
    "": {
      "name": "gogpol",
      "version": "2.0.0",
      "license": "ISC",
      "dependencies": {
        "gogpol": "^2.0.0"
      }
    },
    "node_modules/gogpol": {
      "version": "2.0.0",
      "resolved": "https://registry.npmjs.org/gogpol/-/gogpol-2.0.0.tgz",
      "integrity": "sha512-1TFom+Vp2USOTeoPisPhLCp4Fs/97epyQjPKvDy0fI9ZQTxDcJDnR8zEVC0LklRwXPU8m8c1XnjI8HUBJxRa5A=="
    }
  },
  "dependencies": {
    "gogpol": {
      "version": "2.0.0",
      "resolved": "https://registry.npmjs.org/gogpol/-/gogpol-2.0.0.tgz",
      "integrity": "sha512-1TFom+Vp2USOTeoPisPhLCp4Fs/97epyQjPKvDy0fI9ZQTxDcJDnR8zEVC0LklRwXPU8m8c1XnjI8HUBJxRa5A=="
    }
  }
}
